
Microsoft Visual Studio Solution File, Format Version 12.00
# Visual Studio Version 17
VisualStudioVersion = 17.0.31903.59
MinimumVisualStudioVersion = 10.0.40219.1
Project("{9A19103F-16F7-4668-BE54-9A1E7A4F7556}") = "FlyingDutchmanAirlines", "FlyingDutchmanAirlines\FlyingDutchmanAirlines.csproj", "{2B018B25-70E6-47FA-9C77-00BFDC740DE5}"
EndProject
Project("{9A19103F-16F7-4668-BE54-9A1E7A4F7556}") = "FlyingDutchmanAirlines_Tests", "FlyingDutchmanAirlines_Tests\FlyingDutchmanAirlines_Tests.csproj", "{9DDD8DA9-3D36-4295-9982-0F1280A235A3}"
EndProject
Project("{2150E333-8FDC-42A3-9474-1A3956D46DE8}") = "API Spec", "API Spec", "{2D5A91B3-A561-47C7-80A8-D4940FA174CB}"
	ProjectSection(SolutionItems) = preProject
		OpenAPIFlyTomorrowSpec.yaml = OpenAPIFlyTomorrowSpec.yaml
	EndProjectSection
EndProject
Global
	GlobalSection(SolutionConfigurationPlatforms) = preSolution
		Debug|Any CPU = Debug|Any CPU
		Release|Any CPU = Release|Any CPU
	EndGlobalSection
	GlobalSection(ProjectConfigurationPlatforms) = postSolution
		{2B018B25-70E6-47FA-9C77-00BFDC740DE5}.Debug|Any CPU.ActiveCfg = Debug|Any CPU
		{2B018B25-70E6-47FA-9C77-00BFDC740DE5}.Debug|Any CPU.Build.0 = Debug|Any CPU
		{2B018B25-70E6-47FA-9C77-00BFDC740DE5}.Release|Any CPU.ActiveCfg = Release|Any CPU
		{2B018B25-70E6-47FA-9C77-00BFDC740DE5}.Release|Any CPU.Build.0 = Release|Any CPU
		{9DDD8DA9-3D36-4295-9982-0F1280A235A3}.Debug|Any CPU.ActiveCfg = Debug|Any CPU
		{9DDD8DA9-3D36-4295-9982-0F1280A235A3}.Debug|Any CPU.Build.0 = Debug|Any CPU
		{9DDD8DA9-3D36-4295-9982-0F1280A235A3}.Release|Any CPU.ActiveCfg = Release|Any CPU
		{9DDD8DA9-3D36-4295-9982-0F1280A235A3}.Release|Any CPU.Build.0 = Release|Any CPU
	EndGlobalSection
	GlobalSection(SolutionProperties) = preSolution
		HideSolutionNode = FALSE
	EndGlobalSection
	GlobalSection(ExtensibilityGlobals) = postSolution
		SolutionGuid = {AFB40176-F5B8-4D4E-A185-C54AA7146416}
	EndGlobalSection
EndGlobal
